
Microsoft Visual Studio Solution File, Format Version 12.00
# Visual Studio Version 17
VisualStudioVersion = 17.4.33213.308
MinimumVisualStudioVersion = 10.0.40219.1
Project("{9A19103F-16F7-4668-BE54-9A1E7A4F7556}") = "Automation.API.Tests", "..\Automation.API.Tests\Automation.API.Tests.csproj", "{844D68C8-A0E2-44AA-998A-8D8D7F9DB2D9}"
EndProject
Project("{9A19103F-16F7-4668-BE54-9A1E7A4F7556}") = "Automation.Reporting", "Automation.UI.Reporting\Automation.Reporting.csproj", "{73C7E1A0-EFD8-4DF0-8BA3-B5829F032C2A}"
EndProject
Project("{9A19103F-16F7-4668-BE54-9A1E7A4F7556}") = "Automation.API.Accelerators", "Automation.API.Accelerators\Automation.API.Accelerators.csproj", "{BB5AC434-F483-4C48-A8BC-331554D64BD1}"
EndProject
Global
	GlobalSection(SolutionConfigurationPlatforms) = preSolution
		Debug|Any CPU = Debug|Any CPU
		Release|Any CPU = Release|Any CPU
	EndGlobalSection
	GlobalSection(ProjectConfigurationPlatforms) = postSolution
		{844D68C8-A0E2-44AA-998A-8D8D7F9DB2D9}.Debug|Any CPU.ActiveCfg = Debug|Any CPU
		{844D68C8-A0E2-44AA-998A-8D8D7F9DB2D9}.Debug|Any CPU.Build.0 = Debug|Any CPU
		{844D68C8-A0E2-44AA-998A-8D8D7F9DB2D9}.Release|Any CPU.ActiveCfg = Release|Any CPU
		{844D68C8-A0E2-44AA-998A-8D8D7F9DB2D9}.Release|Any CPU.Build.0 = Release|Any CPU
		{73C7E1A0-EFD8-4DF0-8BA3-B5829F032C2A}.Debug|Any CPU.ActiveCfg = Debug|Any CPU
		{73C7E1A0-EFD8-4DF0-8BA3-B5829F032C2A}.Debug|Any CPU.Build.0 = Debug|Any CPU
		{73C7E1A0-EFD8-4DF0-8BA3-B5829F032C2A}.Release|Any CPU.ActiveCfg = Release|Any CPU
		{73C7E1A0-EFD8-4DF0-8BA3-B5829F032C2A}.Release|Any CPU.Build.0 = Release|Any CPU
		{BB5AC434-F483-4C48-A8BC-331554D64BD1}.Debug|Any CPU.ActiveCfg = Debug|Any CPU
		{BB5AC434-F483-4C48-A8BC-331554D64BD1}.Debug|Any CPU.Build.0 = Debug|Any CPU
		{BB5AC434-F483-4C48-A8BC-331554D64BD1}.Release|Any CPU.ActiveCfg = Release|Any CPU
		{BB5AC434-F483-4C48-A8BC-331554D64BD1}.Release|Any CPU.Build.0 = Release|Any CPU
	EndGlobalSection
	GlobalSection(SolutionProperties) = preSolution
		HideSolutionNode = FALSE
	EndGlobalSection
	GlobalSection(ExtensibilityGlobals) = postSolution
		SolutionGuid = {B384FFFB-3DA9-4070-AA44-65654CDA1F47}
	EndGlobalSection
EndGlobal
